
Microsoft Visual Studio Solution File, Format Version 12.00
# Visual Studio Version 17
VisualStudioVersion = 17.0.31521.260
MinimumVisualStudioVersion = 10.0.40219.1
Project("{9A19103F-16F7-4668-BE54-9A1E7A4F7556}") = "SpiderConsole", "SpiderConsole\SpiderConsole.csproj", "{2F24F4BD-F484-40EE-8360-4BDA903DD636}"
EndProject
Project("{2150E333-8FDC-42A3-9474-1A3956D46DE8}") = "Solution Items", "Solution Items", "{6DBA8FC1-42D8-483F-A132-4AA4E69D4AE2}"
	ProjectSection(SolutionItems) = preProject
		.editorconfig = .editorconfig
		Directory.Build.props = Directory.Build.props
	EndProjectSection
EndProject
Project("{FAE04EC0-301F-11D3-BF4B-00C04F79EFBC}") = "Demo", "Demo\Demo.csproj", "{39C736E6-7157-4A44-ADC8-25C5223A3A16}"
EndProject
Global
	GlobalSection(SolutionConfigurationPlatforms) = preSolution
		Debug|Any CPU = Debug|Any CPU
		Release|Any CPU = Release|Any CPU
	EndGlobalSection
	GlobalSection(ProjectConfigurationPlatforms) = postSolution
		{2F24F4BD-F484-40EE-8360-4BDA903DD636}.Debug|Any CPU.ActiveCfg = Debug|Any CPU
		{2F24F4BD-F484-40EE-8360-4BDA903DD636}.Debug|Any CPU.Build.0 = Debug|Any CPU
		{2F24F4BD-F484-40EE-8360-4BDA903DD636}.Release|Any CPU.ActiveCfg = Release|Any CPU
		{2F24F4BD-F484-40EE-8360-4BDA903DD636}.Release|Any CPU.Build.0 = Release|Any CPU
		{39C736E6-7157-4A44-ADC8-25C5223A3A16}.Debug|Any CPU.ActiveCfg = Debug|Any CPU
		{39C736E6-7157-4A44-ADC8-25C5223A3A16}.Debug|Any CPU.Build.0 = Debug|Any CPU
		{39C736E6-7157-4A44-ADC8-25C5223A3A16}.Release|Any CPU.ActiveCfg = Release|Any CPU
		{39C736E6-7157-4A44-ADC8-25C5223A3A16}.Release|Any CPU.Build.0 = Release|Any CPU
	EndGlobalSection
	GlobalSection(SolutionProperties) = preSolution
		HideSolutionNode = FALSE
	EndGlobalSection
	GlobalSection(ExtensibilityGlobals) = postSolution
		SolutionGuid = {2F1AC891-5FDF-4B06-B9DB-90E99507DCD5}
	EndGlobalSection
EndGlobal
