{
  "version": 1,
  "dependencies": {
    ".NETCoreApp,Version=v6.0": {
      "Microsoft.Extensions.Hosting": {
        "type": "Direct",
        "requested": "[6.0.0-preview.6.21352.12, )",
        "resolved": "6.0.0-preview.6.21352.12",
        "contentHash": "a1m7V7+74+ZrxyMxc3HlwE6aYydWcZsFJrO1QcmXms7iBkh74Y2hLjaty1WYAhdQzA6shNp/XAU5UQs/H8IruA==",
        "dependencies": {
          "Microsoft.Extensions.Configuration": "6.0.0-preview.6.21352.12",
          "Microsoft.Extensions.Configuration.Abstractions": "6.0.0-preview.6.21352.12",
          "Microsoft.Extensions.Configuration.Binder": "6.0.0-preview.6.21352.12",
          "Microsoft.Extensions.Configuration.CommandLine": "6.0.0-preview.6.21352.12",
          "Microsoft.Extensions.Configuration.EnvironmentVariables": "6.0.0-preview.6.21352.12",
          "Microsoft.Extensions.Configuration.FileExtensions": "6.0.0-preview.6.21352.12",
          "Microsoft.Extensions.Configuration.Json": "6.0.0-preview.6.21352.12",
          "Microsoft.Extensions.Configuration.UserSecrets": "6.0.0-preview.6.21352.12",
          "Microsoft.Extensions.DependencyInjection": "6.0.0-preview.6.21352.12",
          "Microsoft.Extensions.DependencyInjection.Abstractions": "6.0.0-preview.6.21352.12",
          "Microsoft.Extensions.FileProviders.Abstractions": "6.0.0-preview.6.21352.12",
          "Microsoft.Extensions.FileProviders.Physical": "6.0.0-preview.6.21352.12",
          "Microsoft.Extensions.Hosting.Abstractions": "6.0.0-preview.6.21352.12",
          "Microsoft.Extensions.Logging": "6.0.0-preview.6.21352.12",
          "Microsoft.Extensions.Logging.Abstractions": "6.0.0-preview.6.21352.12",
          "Microsoft.Extensions.Logging.Configuration": "6.0.0-preview.6.21352.12",
          "Microsoft.Extensions.Logging.Console": "6.0.0-preview.6.21352.12",
          "Microsoft.Extensions.Logging.Debug": "6.0.0-preview.6.21352.12",
          "Microsoft.Extensions.Logging.EventLog": "6.0.0-preview.6.21352.12",
          "Microsoft.Extensions.Logging.EventSource": "6.0.0-preview.6.21352.12",
          "Microsoft.Extensions.Options": "6.0.0-preview.6.21352.12"
        }
      },
      "Microsoft.Extensions.Configuration": {
        "type": "Transitive",
        "resolved": "6.0.0-preview.6.21352.12",
        "contentHash": "XKp7XOJS7Lk5ELfZdWHVvtl21x8W7rXtByscx4rpr/Uke+6IJDUZeJqKkVHozwmXWTwTQw12LkQHl6tdo3NfTw==",
        "dependencies": {
          "Microsoft.Extensions.Configuration.Abstractions": "6.0.0-preview.6.21352.12",
          "Microsoft.Extensions.Primitives": "6.0.0-preview.6.21352.12"
        }
      },
      "Microsoft.Extensions.Configuration.Abstractions": {
        "type": "Transitive",
        "resolved": "6.0.0-preview.6.21352.12",
        "contentHash": "JDRr2WLwTRdd0fUuVU7sg32NsJY+2eu9ysXyFtjbKyf2HTpyMspTCYrdW5sV7ULkK1M74C/2sJ6Mg0+bJIk6HQ==",
        "dependencies": {
          "Microsoft.Extensions.Primitives": "6.0.0-preview.6.21352.12"
        }
      },
      "Microsoft.Extensions.Configuration.Binder": {
        "type": "Transitive",
        "resolved": "6.0.0-preview.6.21352.12",
        "contentHash": "d9dT86q/KUVMFOcTdTG2wiizZ/gTkCmQpUG0bbcSA7SAryLRVli3yME4F/uP/o43gRqgwTNgq6pfxuQCC/QjCw==",
        "dependencies": {
          "Microsoft.Extensions.Configuration.Abstractions": "6.0.0-preview.6.21352.12"
        }
      },
      "Microsoft.Extensions.Configuration.CommandLine": {
        "type": "Transitive",
        "resolved": "6.0.0-preview.6.21352.12",
        "contentHash": "6NW48ALSTDfzhE4geKoDh8TCxitkOk0EIxI9xDIQNfjCqx4+G6MNVrlzds3q27euWyvIa6UWwD3Y22pJgjJuQw==",
        "dependencies": {
          "Microsoft.Extensions.Configuration": "6.0.0-preview.6.21352.12",
          "Microsoft.Extensions.Configuration.Abstractions": "6.0.0-preview.6.21352.12"
        }
      },
      "Microsoft.Extensions.Configuration.EnvironmentVariables": {
        "type": "Transitive",
        "resolved": "6.0.0-preview.6.21352.12",
        "contentHash": "Gr2W+g3YSXfjyLqn6wtmbfWIwfrN6XxL7RM9vidLCE2Wh5CTz/eVGeS/am0sHA3mxknP4OmuNhME6nwcHcty8w==",
        "dependencies": {
          "Microsoft.Extensions.Configuration": "6.0.0-preview.6.21352.12",
          "Microsoft.Extensions.Configuration.Abstractions": "6.0.0-preview.6.21352.12"
        }
      },
      "Microsoft.Extensions.Configuration.FileExtensions": {
        "type": "Transitive",
        "resolved": "6.0.0-preview.6.21352.12",
        "contentHash": "Sw/ueX7wWIB82ssR6HkssEXmTOtJ3vm957AeVqN6N2p6KsXQr5c99NSmNrYwqEu3VKu5Xtoa1btyuywUaKez3g==",
        "dependencies": {
          "Microsoft.Extensions.Configuration": "6.0.0-preview.6.21352.12",
          "Microsoft.Extensions.Configuration.Abstractions": "6.0.0-preview.6.21352.12",
          "Microsoft.Extensions.FileProviders.Abstractions": "6.0.0-preview.6.21352.12",
          "Microsoft.Extensions.FileProviders.Physical": "6.0.0-preview.6.21352.12",
          "Microsoft.Extensions.Primitives": "6.0.0-preview.6.21352.12"
        }
      },
      "Microsoft.Extensions.Configuration.Json": {
        "type": "Transitive",
        "resolved": "6.0.0-preview.6.21352.12",
        "contentHash": "bAX0rD8si3rJKqyHbVbuzv2Di6yWhH/S5nH0KcWSMZDIRvesO5fyMtA34x9+0OiSI/BcT3FQudZxYpxusdmjjA==",
        "dependencies": {
          "Microsoft.Extensions.Configuration": "6.0.0-preview.6.21352.12",
          "Microsoft.Extensions.Configuration.Abstractions": "6.0.0-preview.6.21352.12",
          "Microsoft.Extensions.Configuration.FileExtensions": "6.0.0-preview.6.21352.12",
          "Microsoft.Extensions.FileProviders.Abstractions": "6.0.0-preview.6.21352.12",
          "System.Text.Json": "6.0.0-preview.6.21352.12"
        }
      },
      "Microsoft.Extensions.Configuration.UserSecrets": {
        "type": "Transitive",
        "resolved": "6.0.0-preview.6.21352.12",
        "contentHash": "OdFUcGCMEeYGItKVJuUB5w0ZFHzoSg5ycK740H6l0nqn73Sn2RybJrg6I/oHe1lnFBPpeFuGvRZZhMt1pJLBZA==",
        "dependencies": {
          "Microsoft.Extensions.Configuration.Abstractions": "6.0.0-preview.6.21352.12",
          "Microsoft.Extensions.Configuration.Json": "6.0.0-preview.6.21352.12",
          "Microsoft.Extensions.FileProviders.Abstractions": "6.0.0-preview.6.21352.12",
          "Microsoft.Extensions.FileProviders.Physical": "6.0.0-preview.6.21352.12"
        }
      },
      "Microsoft.Extensions.DependencyInjection": {
        "type": "Transitive",
        "resolved": "6.0.0-preview.6.21352.12",
        "contentHash": "3p6qSEsOISTG2GfFTEyxQv0lHDU78FLuCV1MI31NRMoJ3mLU6mknjciT1QzlOqFURDofVZYx2+pHhp8XSpXxMA==",
        "dependencies": {
          "Microsoft.Extensions.DependencyInjection.Abstractions": "6.0.0-preview.6.21352.12",
          "System.Runtime.CompilerServices.Unsafe": "6.0.0-preview.6.21352.12"
        }
      },
      "Microsoft.Extensions.DependencyInjection.Abstractions": {
        "type": "Transitive",
        "resolved": "6.0.0-preview.6.21352.12",
        "contentHash": "XJnSVApCh1iOY2TXYMu2B6KfILZSUKD7uskoGZVwxMP2XH6/6igSWLU2bi3BqoH8fxHUe58o8QpMKCXoG4SXBg=="
      },
      "Microsoft.Extensions.FileProviders.Abstractions": {
        "type": "Transitive",
        "resolved": "6.0.0-preview.6.21352.12",
        "contentHash": "xTGXvu2X66oozdYzWjPUa8jI8Z90zF0xdKLsyIsJeYmRIgroatDfGlgGW0XHhfDeTYEIjpj+iLyqbbHH17g7Cg==",
        "dependencies": {
          "Microsoft.Extensions.Primitives": "6.0.0-preview.6.21352.12"
        }
      },
      "Microsoft.Extensions.FileProviders.Physical": {
        "type": "Transitive",
        "resolved": "6.0.0-preview.6.21352.12",
        "contentHash": "c2YIffUCyVjqyv4ZMwoJAPfclK1GLZAESw4TDEIYQsrH2YN+nGkowIWNaJnyDQR0BJvWs3dn1xV8EFY/zxPueQ==",
        "dependencies": {
          "Microsoft.Extensions.FileProviders.Abstractions": "6.0.0-preview.6.21352.12",
          "Microsoft.Extensions.FileSystemGlobbing": "6.0.0-preview.6.21352.12",
          "Microsoft.Extensions.Primitives": "6.0.0-preview.6.21352.12"
        }
      },
      "Microsoft.Extensions.FileSystemGlobbing": {
        "type": "Transitive",
        "resolved": "6.0.0-preview.6.21352.12",
        "contentHash": "m3GODI9v7Wutrb3OVwop0ueg3oYsd3VPPQi2MC3YfZCSRCJ3QDQwRcLiodpmzRX7Q1FDzH84aNwHDTMRtHLM8Q=="
      },
      "Microsoft.Extensions.Hosting.Abstractions": {
        "type": "Transitive",
        "resolved": "6.0.0-preview.6.21352.12",
        "contentHash": "jV8ggXelK4CIgFw5dNrpGQ2EfrIIvaE+vY++zZ/VAuYNZ3isOI56siW3gzOb28+72RvcbgFt1Zx2LwIEqKT8oQ==",
        "dependencies": {
          "Microsoft.Extensions.Configuration.Abstractions": "6.0.0-preview.6.21352.12",
          "Microsoft.Extensions.DependencyInjection.Abstractions": "6.0.0-preview.6.21352.12",
          "Microsoft.Extensions.FileProviders.Abstractions": "6.0.0-preview.6.21352.12"
        }
      },
      "Microsoft.Extensions.Logging": {
        "type": "Transitive",
        "resolved": "6.0.0-preview.6.21352.12",
        "contentHash": "yc3aA2GoJEzyIJ8r9rKTQIGAf5ITCwFbhKq6kz2OApfc2eHiQzooZooxj8eKT8aSv4MCfDPs98mocKaG0ZWqkQ==",
        "dependencies": {
          "Microsoft.Extensions.DependencyInjection": "6.0.0-preview.6.21352.12",
          "Microsoft.Extensions.DependencyInjection.Abstractions": "6.0.0-preview.6.21352.12",
          "Microsoft.Extensions.Logging.Abstractions": "6.0.0-preview.6.21352.12",
          "Microsoft.Extensions.Options": "6.0.0-preview.6.21352.12",
          "System.Diagnostics.DiagnosticSource": "6.0.0-preview.6.21352.12"
        }
      },
      "Microsoft.Extensions.Logging.Abstractions": {
        "type": "Transitive",
        "resolved": "6.0.0-preview.6.21352.12",
        "contentHash": "OHGdepFqYZG9t4DlcclkJkb6PgAcV4L7pF8WSMndCiZLw3RV04/X8EyGhSoA2Q3Kx2up/WZ7t+D+E9htbEKz7w==",
        "dependencies": {
          "System.Buffers": "4.5.1",
          "System.Memory": "4.5.4"
        }
      },
      "Microsoft.Extensions.Logging.Configuration": {
        "type": "Transitive",
        "resolved": "6.0.0-preview.6.21352.12",
        "contentHash": "y/Gz194+/CPZt++mp/0sEUkmABdKC/CZSSrcLT9Ls3ElN3vri2Aqxz2QbArqD070KHFQWsFktt7u1Aad9ILBzg==",
        "dependencies": {
          "Microsoft.Extensions.Configuration": "6.0.0-preview.6.21352.12",
          "Microsoft.Extensions.Configuration.Abstractions": "6.0.0-preview.6.21352.12",
          "Microsoft.Extensions.Configuration.Binder": "6.0.0-preview.6.21352.12",
          "Microsoft.Extensions.DependencyInjection.Abstractions": "6.0.0-preview.6.21352.12",
          "Microsoft.Extensions.Logging": "6.0.0-preview.6.21352.12",
          "Microsoft.Extensions.Logging.Abstractions": "6.0.0-preview.6.21352.12",
          "Microsoft.Extensions.Options": "6.0.0-preview.6.21352.12",
          "Microsoft.Extensions.Options.ConfigurationExtensions": "6.0.0-preview.6.21352.12"
        }
      },
      "Microsoft.Extensions.Logging.Console": {
        "type": "Transitive",
        "resolved": "6.0.0-preview.6.21352.12",
        "contentHash": "1Je/hFy8ZNzn+C8eQyZQfJAtq/PZy/jIM/oCzhZmsmT4sfKJB8EJ1Plzk9W4F3XODcKmz92qhPsEWcxvucU57A==",
        "dependencies": {
          "Microsoft.Extensions.DependencyInjection.Abstractions": "6.0.0-preview.6.21352.12",
          "Microsoft.Extensions.Logging": "6.0.0-preview.6.21352.12",
          "Microsoft.Extensions.Logging.Abstractions": "6.0.0-preview.6.21352.12",
          "Microsoft.Extensions.Logging.Configuration": "6.0.0-preview.6.21352.12",
          "Microsoft.Extensions.Options": "6.0.0-preview.6.21352.12",
          "System.Text.Json": "6.0.0-preview.6.21352.12"
        }
      },
      "Microsoft.Extensions.Logging.Debug": {
        "type": "Transitive",
        "resolved": "6.0.0-preview.6.21352.12",
        "contentHash": "xzefXJcVWjKXurqfgF5cbkWSjXTP/Qwhk0PI318nohNAmu8w+6DBW8D9l/Y3kXn6ny5Vvm+B3BV3BB5ra4/JRQ==",
        "dependencies": {
          "Microsoft.Extensions.DependencyInjection.Abstractions": "6.0.0-preview.6.21352.12",
          "Microsoft.Extensions.Logging": "6.0.0-preview.6.21352.12",
          "Microsoft.Extensions.Logging.Abstractions": "6.0.0-preview.6.21352.12"
        }
      },
      "Microsoft.Extensions.Logging.EventLog": {
        "type": "Transitive",
        "resolved": "6.0.0-preview.6.21352.12",
        "contentHash": "10nk361PL81o/ggHHQ2FyUlAKettzAedmSjpOE7TlSU4OFE3xXQsDTvOhy7r/Qrs1G9Vk/Z6vzamF6lJ8G7hpQ==",
        "dependencies": {
          "Microsoft.Extensions.DependencyInjection.Abstractions": "6.0.0-preview.6.21352.12",
          "Microsoft.Extensions.Logging": "6.0.0-preview.6.21352.12",
          "Microsoft.Extensions.Logging.Abstractions": "6.0.0-preview.6.21352.12",
          "Microsoft.Extensions.Options": "6.0.0-preview.6.21352.12",
          "System.Diagnostics.EventLog": "6.0.0-preview.6.21352.12"
        }
      },
      "Microsoft.Extensions.Logging.EventSource": {
        "type": "Transitive",
        "resolved": "6.0.0-preview.6.21352.12",
        "contentHash": "+tWTuN0N30UdICrHX1ahsLRefG7NGGjMGbczLEH1gSGYM26hHdOMXAz3pZGeFtVJk4XzJR1wDwAIy2LN3+JygA==",
        "dependencies": {
          "Microsoft.Extensions.DependencyInjection.Abstractions": "6.0.0-preview.6.21352.12",
          "Microsoft.Extensions.Logging": "6.0.0-preview.6.21352.12",
          "Microsoft.Extensions.Logging.Abstractions": "6.0.0-preview.6.21352.12",
          "Microsoft.Extensions.Options": "6.0.0-preview.6.21352.12",
          "Microsoft.Extensions.Primitives": "6.0.0-preview.6.21352.12",
          "System.Runtime.CompilerServices.Unsafe": "6.0.0-preview.6.21352.12",
          "System.Text.Json": "6.0.0-preview.6.21352.12"
        }
      },
      "Microsoft.Extensions.Options": {
        "type": "Transitive",
        "resolved": "6.0.0-preview.6.21352.12",
        "contentHash": "nh9hCbxzt6mTTV+cD8Fp4tYtzUgnQ2+AxLwcDslX/drXyE0y9RZGzcmKJ1fX6S9AEt/aFzCL/6thUEv1MzaXUA==",
        "dependencies": {
          "Microsoft.Extensions.DependencyInjection.Abstractions": "6.0.0-preview.6.21352.12",
          "Microsoft.Extensions.Primitives": "6.0.0-preview.6.21352.12"
        }
      },
      "Microsoft.Extensions.Options.ConfigurationExtensions": {
        "type": "Transitive",
        "resolved": "6.0.0-preview.6.21352.12",
        "contentHash": "NSSBqM5x98Y3U8ZGf41NnahWHRRj9PVg8Icw7CEMqmqbq6aLF9hVyEK2ez0DgLYWo61hTY7N8Oyn38/hORk3qg==",
        "dependencies": {
          "Microsoft.Extensions.Configuration.Abstractions": "6.0.0-preview.6.21352.12",
          "Microsoft.Extensions.Configuration.Binder": "6.0.0-preview.6.21352.12",
          "Microsoft.Extensions.DependencyInjection.Abstractions": "6.0.0-preview.6.21352.12",
          "Microsoft.Extensions.Options": "6.0.0-preview.6.21352.12",
          "Microsoft.Extensions.Primitives": "6.0.0-preview.6.21352.12"
        }
      },
      "Microsoft.Extensions.Primitives": {
        "type": "Transitive",
        "resolved": "6.0.0-preview.6.21352.12",
        "contentHash": "1qTXoAscwEW7NIykLt5k8u9E2Lt6a5MTwnL17dkb+cOVBMGKf+aR66slYMlv5XaxlKOdunCj813N8V3mNJVrPQ==",
        "dependencies": {
          "System.Runtime.CompilerServices.Unsafe": "6.0.0-preview.6.21352.12"
        }
      },
      "System.Buffers": {
        "type": "Transitive",
        "resolved": "4.5.1",
        "contentHash": "Rw7ijyl1qqRS0YQD/WycNst8hUUMgrMH4FCn1nNm27M4VxchZ1js3fVjQaANHO5f3sN4isvP4a+Met9Y4YomAg=="
      },
      "System.Diagnostics.DiagnosticSource": {
        "type": "Transitive",
        "resolved": "6.0.0-preview.6.21352.12",
        "contentHash": "KtdGnjaApT6BuZ8zvHLWO5TlMHyXmuyU7R4qQpDJixSDUyljQiKUn65P3UkDoZIWG3B+nOLYl46xGDYT9kfPuA=="
      },
      "System.Diagnostics.EventLog": {
        "type": "Transitive",
        "resolved": "6.0.0-preview.6.21352.12",
        "contentHash": "9vwpH2oAyOuovD85H6esez64bl334uniVZnwMdpKqfZv2E+le3UAM0zDQjWKT1enXc/7FqmrnN+YUezi65ayGw=="
      },
      "System.Memory": {
        "type": "Transitive",
        "resolved": "4.5.4",
        "contentHash": "1MbJTHS1lZ4bS4FmsJjnuGJOu88ZzTT2rLvrhW7Ygic+pC0NWA+3hgAen0HRdsocuQXCkUTdFn9yHJJhsijDXw=="
      },
      "System.Runtime.CompilerServices.Unsafe": {
        "type": "Transitive",
        "resolved": "6.0.0-preview.6.21352.12",
        "contentHash": "u7xMHklB0P5p+W/bBC22s2qkbhIT/TH/okmFm9os2Tkn9LlO0hTt5GHSYSRs1xFJTQ/owVAU4+NkwtOBSaadHw=="
      },
      "System.Text.Json": {
        "type": "Transitive",
        "resolved": "6.0.0-preview.6.21352.12",
        "contentHash": "iGEpAWe9MZbolHahyAMyP/chyEsHFlGzHnRRD4MXKrSYrGOzUAZ4hwSJqiiRRSTr/pRp7w3tHy4CBHCFUlfA2w=="
      },
      "spiderconsole": {
        "type": "Project",
        "dependencies": {
          "Microsoft.Extensions.Configuration.Binder": "6.0.0-preview.6.21352.12",
          "Microsoft.Extensions.Hosting.Abstractions": "6.0.0-preview.6.21352.12",
          "Microsoft.Extensions.Logging.Abstractions": "6.0.0-preview.6.21352.12",
          "Microsoft.Extensions.Options": "6.0.0-preview.6.21352.12"
        }
      }
    }
  }
}